# This file was autogenerated by Stack.
# You should not edit this file by hand.
# For more information, please see the documentation at:
#   https://docs.haskellstack.org/en/stable/lock_files

packages:
- completed:
    hackage: github-rest-1.1.0@sha256:ef5dd05c35eb00fdc9fe132a36bb667cfb31dfbcbea812b24a7b664955f83623,3206
    pantry-tree:
      size: 1247
      sha256: d86ae449e65f1cea96b323f1adb834ef8ec89d3d5b1ed37030826e948c843d47
  original:
    hackage: github-rest-1.1.0
snapshots:
- completed:
    size: 587126
    url: https://raw.githubusercontent.com/commercialhaskell/stackage-snapshots/master/lts/18/8.yaml
    sha256: 93a107557e8691ed5ca17beaee41e68222b142c48868fc8c04a4181fb233477d
  original:
    url: https://raw.githubusercontent.com/commercialhaskell/stackage-snapshots/master/lts/18/8.yaml
