# This file was autogenerated by Stack.
# You should not edit this file by hand.
# For more information, please see the documentation at:
#   https://docs.haskellstack.org/en/stable/lock_files

packages:
- completed:
    hackage: twilio-0.1.3.2@sha256:8fb8a6745c6e4c2c0747359bc6af9a1a6392e53111f9172350b2e9d8cfa822e9,5155
    pantry-tree:
      size: 4244
      sha256: 663c3f85f75baab902004963319f549a59d3499c558773dc3e95a0a730cdfe79
  original:
    hackage: twilio-0.1.3.2
snapshots:
- completed:
    size: 491372
    url: https://raw.githubusercontent.com/commercialhaskell/stackage-snapshots/master/lts/15/5.yaml
    sha256: 1b549cfff328040c382a70a84a2087aac8dab6d778bf92f32a93a771a1980dfc
  original: lts-15.5
