# This file was autogenerated by Stack.
# You should not edit this file by hand.
# For more information, please see the documentation at:
#   https://docs.haskellstack.org/en/stable/lock_files

packages:
- completed:
    hackage: type-combinators-0.2.4.3@sha256:bcece7e52d440ccb4c1d91faa1f9b8e9f0d26557337f4b60999ff62af02f27d5,1708
    pantry-tree:
      size: 2268
      sha256: 48cfd4e3e50069613247b9ed2c53eca6befa3d9d4cdd4558a2e6f0e774b31bb8
  original:
    hackage: type-combinators-0.2.4.3@sha256:bcece7e52d440ccb4c1d91faa1f9b8e9f0d26557337f4b60999ff62af02f27d5,1708
snapshots:
- completed:
    size: 532379
    url: https://raw.githubusercontent.com/commercialhaskell/stackage-snapshots/master/lts/16/8.yaml
    sha256: 2ad3210d2ad35f3176005d68369a18e4d984517bfaa2caade76f28ed0b2e0521
  original: lts-16.8
